
Microsoft Visual Studio Solution File, Format Version 12.00
# Visual Studio Version 16
VisualStudioVersion = 16.0.31321.278
MinimumVisualStudioVersion = 10.0.40219.1
Project("{FAE04EC0-301F-11D3-BF4B-00C04F79EFBC}") = "ShippersApp.Android", "ShippersApp\ShippersApp.Android\ShippersApp.Android.csproj", "{49E83652-381C-4DEE-B17E-729550B731BB}"
EndProject
Project("{FAE04EC0-301F-11D3-BF4B-00C04F79EFBC}") = "ShippersApp", "ShippersApp\ShippersApp\ShippersApp.csproj", "{AE9C2B5B-4C49-454D-BF9D-70AF7B62F1EC}"
EndProject
Global
	GlobalSection(SolutionConfigurationPlatforms) = preSolution
		Debug|Any CPU = Debug|Any CPU
		Release|Any CPU = Release|Any CPU
	EndGlobalSection
	GlobalSection(ProjectConfigurationPlatforms) = postSolution
		{49E83652-381C-4DEE-B17E-729550B731BB}.Debug|Any CPU.ActiveCfg = Debug|Any CPU
		{49E83652-381C-4DEE-B17E-729550B731BB}.Debug|Any CPU.Build.0 = Debug|Any CPU
		{49E83652-381C-4DEE-B17E-729550B731BB}.Debug|Any CPU.Deploy.0 = Debug|Any CPU
		{49E83652-381C-4DEE-B17E-729550B731BB}.Release|Any CPU.ActiveCfg = Release|Any CPU
		{49E83652-381C-4DEE-B17E-729550B731BB}.Release|Any CPU.Build.0 = Release|Any CPU
		{49E83652-381C-4DEE-B17E-729550B731BB}.Release|Any CPU.Deploy.0 = Release|Any CPU
		{AE9C2B5B-4C49-454D-BF9D-70AF7B62F1EC}.Debug|Any CPU.ActiveCfg = Debug|Any CPU
		{AE9C2B5B-4C49-454D-BF9D-70AF7B62F1EC}.Debug|Any CPU.Build.0 = Debug|Any CPU
		{AE9C2B5B-4C49-454D-BF9D-70AF7B62F1EC}.Debug|Any CPU.Deploy.0 = Debug|Any CPU
		{AE9C2B5B-4C49-454D-BF9D-70AF7B62F1EC}.Release|Any CPU.ActiveCfg = Release|Any CPU
		{AE9C2B5B-4C49-454D-BF9D-70AF7B62F1EC}.Release|Any CPU.Build.0 = Release|Any CPU
		{AE9C2B5B-4C49-454D-BF9D-70AF7B62F1EC}.Release|Any CPU.Deploy.0 = Release|Any CPU
	EndGlobalSection
	GlobalSection(SolutionProperties) = preSolution
		HideSolutionNode = FALSE
	EndGlobalSection
	GlobalSection(ExtensibilityGlobals) = postSolution
		SolutionGuid = {96063406-8535-4A03-B78A-17A7E2FA0B03}
	EndGlobalSection
EndGlobal
